<?xml version="1.0" encoding="UTF-8" standalone="yes" ?>
<CodeBlocks_project_file>
	<FileVersion major="1" minor="6" />
	<Project>
		<Option title="coursework" />
		<Option pch_mode="2" />
		<Option compiler="gcc" />
		<Build>
			<Target title="Debug">
				<Option output="bin/Debug/coursework" prefix_auto="1" extension_auto="1" />
				<Option object_output="obj/Debug/" />
				<Option type="0" />
				<Option compiler="gcc" />
				<Compiler>
					<Add option="-g" />
					<Add directory="E:/sfml/SFML-2.3.2/include" />
				</Compiler>
				<Linker>
					<Add library="sfml-graphics" />
					<Add library="sfml-window" />
					<Add library="sfml-system" />
					<Add library="D:\Универ\Курсач\coursework\libprocessing\bin\Debug\libprocessing.a" />
					<Add directory="E:/sfml/SFML-2.3.2/lib" />
				</Linker>
			</Target>
			<Target title="Release">
				<Option output="bin/Release/coursework" prefix_auto="1" extension_auto="1" />
				<Option object_output="obj/Release/" />
				<Option type="1" />
				<Option compiler="gcc" />
				<Compiler>
					<Add option="-O2" />
				</Compiler>
				<Linker>
					<Add option="-s" />
				</Linker>
			</Target>
		</Build>
		<Compiler>
			<Add option="-Wall" />
			<Add option="-fexceptions" />
		</Compiler>
		<Unit filename="Chicken.cpp" />
		<Unit filename="Chicken.h" />
		<Unit filename="Drunkard.cpp" />
		<Unit filename="Drunkard.h" />
		<Unit filename="Jack.cpp" />
		<Unit filename="Jack.h" />
		<Unit filename="Pig.cpp" />
		<Unit filename="Pig.h" />
		<Unit filename="StartAsk.cpp" />
		<Unit filename="StartAsk.h" />
		<Unit filename="StartButton.cpp" />
		<Unit filename="StartButton.h" />
		<Unit filename="Witch.cpp" />
		<Unit filename="Witch.h" />
		<Unit filename="chicken/ChickenBackCard.cpp" />
		<Unit filename="chicken/ChickenBackCard.h" />
		<Unit filename="chicken/ChickenCard.cpp" />
		<Unit filename="chicken/ChickenCard.h" />
		<Unit filename="chicken/ChickenDeck.cpp" />
		<Unit filename="chicken/ChickenDeck.h" />
		<Unit filename="chicken/ChickenList.cpp" />
		<Unit filename="chicken/ChickenList.h" />
		<Unit filename="chicken/ChickenNext.cpp" />
		<Unit filename="chicken/ChickenNext.h" />
		<Unit filename="chicken/ChickenStandard.h" />
		<Unit filename="drunkard/Card.cpp" />
		<Unit filename="drunkard/Card.h" />
		<Unit filename="drunkard/ContinueButton.cpp" />
		<Unit filename="drunkard/ContinueButton.h" />
		<Unit filename="drunkard/Deck.cpp" />
		<Unit filename="drunkard/Deck.h" />
		<Unit filename="drunkard/DrunkardReturn.cpp" />
		<Unit filename="drunkard/DrunkardReturn.h" />
		<Unit filename="drunkard/DrunkardStandard.h" />
		<Unit filename="jack/JackBackCard.cpp" />
		<Unit filename="jack/JackBackCard.h" />
		<Unit filename="jack/JackBet.cpp" />
		<Unit filename="jack/JackBet.h" />
		<Unit filename="jack/JackCard.cpp" />
		<Unit filename="jack/JackCard.h" />
		<Unit filename="jack/JackDeck.cpp" />
		<Unit filename="jack/JackDeck.h" />
		<Unit filename="jack/JackLaunch.cpp" />
		<Unit filename="jack/JackLaunch.h" />
		<Unit filename="jack/JackMessage.cpp" />
		<Unit filename="jack/JackMessage.h" />
		<Unit filename="jack/JackMoney.cpp" />
		<Unit filename="jack/JackMoney.h" />
		<Unit filename="jack/JackMore.cpp" />
		<Unit filename="jack/JackMore.h" />
		<Unit filename="jack/JackOpen.cpp" />
		<Unit filename="jack/JackOpen.h" />
		<Unit filename="jack/JackPoints.cpp" />
		<Unit filename="jack/JackPoints.h" />
		<Unit filename="jack/JackRate.cpp" />
		<Unit filename="jack/JackRate.h" />
		<Unit filename="jack/JackStandard.h" />
		<Unit filename="main.cpp" />
		<Unit filename="pig/PigBackCard.cpp" />
		<Unit filename="pig/PigBackCard.h" />
		<Unit filename="pig/PigCard.cpp" />
		<Unit filename="pig/PigCard.h" />
		<Unit filename="pig/PigCompare.cpp" />
		<Unit filename="pig/PigCompare.h" />
		<Unit filename="pig/PigDeck.cpp" />
		<Unit filename="pig/PigDeck.h" />
		<Unit filename="pig/PigList.cpp" />
		<Unit filename="pig/PigList.h" />
		<Unit filename="pig/PigStandard.h" />
		<Unit filename="pig/PigTake.cpp" />
		<Unit filename="pig/PigTake.h" />
		<Unit filename="witch/WitchBackCard.cpp" />
		<Unit filename="witch/WitchBackCard.h" />
		<Unit filename="witch/WitchCard.cpp" />
		<Unit filename="witch/WitchCard.h" />
		<Unit filename="witch/WitchDeck.cpp" />
		<Unit filename="witch/WitchDeck.h" />
		<Unit filename="witch/WitchList.cpp" />
		<Unit filename="witch/WitchList.h" />
		<Unit filename="witch/WitchMessage.cpp" />
		<Unit filename="witch/WitchMessage.h" />
		<Unit filename="witch/WitchNext.cpp" />
		<Unit filename="witch/WitchNext.h" />
		<Unit filename="witch/WitchResult.cpp" />
		<Unit filename="witch/WitchResult.h" />
		<Unit filename="witch/WitchStandard.h" />
		<Unit filename="witch/WitchStroke.cpp" />
		<Unit filename="witch/WitchStroke.h" />
		<Unit filename="witch/WitchThrow.cpp" />
		<Unit filename="witch/WitchThrow.h" />
		<Extensions>
			<code_completion />
			<envvars />
			<debugger />
			<lib_finder disable_auto="1" />
		</Extensions>
	</Project>
</CodeBlocks_project_file>
